
Microsoft Visual Studio Solution File, Format Version 12.00
# Visual Studio Version 17
VisualStudioVersion = 17.7.34031.279
MinimumVisualStudioVersion = 10.0.40219.1
Project("{FAE04EC0-301F-11D3-BF4B-00C04F79EFBC}") = "Проверка числа", "Проверка числа\Проверка числа.csproj", "{4989BD72-044F-457F-908F-7D15B1F35CB5}"
EndProject
Global
	GlobalSection(SolutionConfigurationPlatforms) = preSolution
		Debug|Any CPU = Debug|Any CPU
		Release|Any CPU = Release|Any CPU
	EndGlobalSection
	GlobalSection(ProjectConfigurationPlatforms) = postSolution
		{4989BD72-044F-457F-908F-7D15B1F35CB5}.Debug|Any CPU.ActiveCfg = Debug|Any CPU
		{4989BD72-044F-457F-908F-7D15B1F35CB5}.Debug|Any CPU.Build.0 = Debug|Any CPU
		{4989BD72-044F-457F-908F-7D15B1F35CB5}.Release|Any CPU.ActiveCfg = Release|Any CPU
		{4989BD72-044F-457F-908F-7D15B1F35CB5}.Release|Any CPU.Build.0 = Release|Any CPU
	EndGlobalSection
	GlobalSection(SolutionProperties) = preSolution
		HideSolutionNode = FALSE
	EndGlobalSection
	GlobalSection(ExtensibilityGlobals) = postSolution
		SolutionGuid = {3FFE6644-7744-49F5-92EC-E4A338C47BBC}
	EndGlobalSection
EndGlobal
